
Microsoft Visual Studio Solution File, Format Version 12.00
# Visual Studio Version 16
VisualStudioVersion = 16.0.31321.278
MinimumVisualStudioVersion = 10.0.40219.1
Project("{9A19103F-16F7-4668-BE54-9A1E7A4F7556}") = "FileWatcher", "FileWatcher\FileWatcher.csproj", "{F46457BB-E373-462E-8E5A-8EE669A4B57A}"
EndProject
Global
	GlobalSection(SolutionConfigurationPlatforms) = preSolution
		Debug|Any CPU = Debug|Any CPU
		Release|Any CPU = Release|Any CPU
	EndGlobalSection
	GlobalSection(ProjectConfigurationPlatforms) = postSolution
		{F46457BB-E373-462E-8E5A-8EE669A4B57A}.Debug|Any CPU.ActiveCfg = Debug|Any CPU
		{F46457BB-E373-462E-8E5A-8EE669A4B57A}.Debug|Any CPU.Build.0 = Debug|Any CPU
		{F46457BB-E373-462E-8E5A-8EE669A4B57A}.Release|Any CPU.ActiveCfg = Release|Any CPU
		{F46457BB-E373-462E-8E5A-8EE669A4B57A}.Release|Any CPU.Build.0 = Release|Any CPU
	EndGlobalSection
	GlobalSection(SolutionProperties) = preSolution
		HideSolutionNode = FALSE
	EndGlobalSection
	GlobalSection(ExtensibilityGlobals) = postSolution
		SolutionGuid = {75F729D8-AFCB-4AE3-8FEE-5B4A658ACE0D}
	EndGlobalSection
EndGlobal
